// !$*UTF8*$!
{
	archiveVersion = 1;
	classes = {
	};
	objectVersion = 77;
	objects = {

/* Begin PBXBuildFile section */
		EDD253A12E003764002DE1EB /* FirebaseAnalytics in Frameworks */ = {isa = PBXBuildFile; productRef = EDD253A02E003764002DE1EB /* FirebaseAnalytics */; };
		EDD253A32E003764002DE1EB /* FirebaseAnalyticsOnDeviceConversion in Frameworks */ = {isa = PBXBuildFile; productRef = EDD253A22E003764002DE1EB /* FirebaseAnalyticsOnDeviceConversion */; };
		EDD253A52E003764002DE1EB /* FirebaseAnalyticsSwift in Frameworks */ = {isa = PBXBuildFile; productRef = EDD253A42E003764002DE1EB /* FirebaseAnalyticsSwift */; };
		EDD253A72E003764002DE1EB /* FirebaseAnalyticsWithoutAdIdSupport in Frameworks */ = {isa = PBXBuildFile; productRef = EDD253A62E003764002DE1EB /* FirebaseAnalyticsWithoutAdIdSupport */; };
		EDD253A92E003764002DE1EB /* FirebaseAppCheck in Frameworks */ = {isa = PBXBuildFile; productRef = EDD253A82E003764002DE1EB /* FirebaseAppCheck */; };
		EDD253AB2E003764002DE1EB /* FirebaseAppDistribution-Beta in Frameworks */ = {isa = PBXBuildFile; productRef = EDD253AA2E003764002DE1EB /* FirebaseAppDistribution-Beta */; };
		EDD253AD2E003764002DE1EB /* FirebaseAuth in Frameworks */ = {isa = PBXBuildFile; productRef = EDD253AC2E003764002DE1EB /* FirebaseAuth */; };
		EDD253AF2E003764002DE1EB /* FirebaseAuthCombine-Community in Frameworks */ = {isa = PBXBuildFile; productRef = EDD253AE2E003764002DE1EB /* FirebaseAuthCombine-Community */; };
		EDD253B12E003764002DE1EB /* FirebaseCrashlytics in Frameworks */ = {isa = PBXBuildFile; productRef = EDD253B02E003764002DE1EB /* FirebaseCrashlytics */; };
		EDD253B32E003764002DE1EB /* FirebaseDatabase in Frameworks */ = {isa = PBXBuildFile; productRef = EDD253B22E003764002DE1EB /* FirebaseDatabase */; };
		EDD253B52E003764002DE1EB /* FirebaseDatabaseSwift in Frameworks */ = {isa = PBXBuildFile; productRef = EDD253B42E003764002DE1EB /* FirebaseDatabaseSwift */; };
		EDD253B72E003764002DE1EB /* FirebaseDynamicLinks in Frameworks */ = {isa = PBXBuildFile; productRef = EDD253B62E003764002DE1EB /* FirebaseDynamicLinks */; };
		EDD253B92E003764002DE1EB /* FirebaseFirestore in Frameworks */ = {isa = PBXBuildFile; productRef = EDD253B82E003764002DE1EB /* FirebaseFirestore */; };
		EDD253BB2E003764002DE1EB /* FirebaseFirestoreCombine-Community in Frameworks */ = {isa = PBXBuildFile; productRef = EDD253BA2E003764002DE1EB /* FirebaseFirestoreCombine-Community */; };
		EDD253BD2E003764002DE1EB /* FirebaseFirestoreSwift in Frameworks */ = {isa = PBXBuildFile; productRef = EDD253BC2E003764002DE1EB /* FirebaseFirestoreSwift */; };
		EDD253BF2E003764002DE1EB /* FirebaseFunctions in Frameworks */ = {isa = PBXBuildFile; productRef = EDD253BE2E003764002DE1EB /* FirebaseFunctions */; };
		EDD253C12E003764002DE1EB /* FirebaseFunctionsCombine-Community in Frameworks */ = {isa = PBXBuildFile; productRef = EDD253C02E003764002DE1EB /* FirebaseFunctionsCombine-Community */; };
		EDD253C32E003764002DE1EB /* FirebaseInAppMessaging-Beta in Frameworks */ = {isa = PBXBuildFile; productRef = EDD253C22E003764002DE1EB /* FirebaseInAppMessaging-Beta */; };
		EDD253C52E003764002DE1EB /* FirebaseInAppMessagingSwift-Beta in Frameworks */ = {isa = PBXBuildFile; productRef = EDD253C42E003764002DE1EB /* FirebaseInAppMessagingSwift-Beta */; };
		EDD253C72E003764002DE1EB /* FirebaseInstallations in Frameworks */ = {isa = PBXBuildFile; productRef = EDD253C62E003764002DE1EB /* FirebaseInstallations */; };
		EDD253C92E003764002DE1EB /* FirebaseMLModelDownloader in Frameworks */ = {isa = PBXBuildFile; productRef = EDD253C82E003764002DE1EB /* FirebaseMLModelDownloader */; };
		EDD253CB2E003764002DE1EB /* FirebaseMessaging in Frameworks */ = {isa = PBXBuildFile; productRef = EDD253CA2E003764002DE1EB /* FirebaseMessaging */; };
		EDD253CD2E003764002DE1EB /* FirebasePerformance in Frameworks */ = {isa = PBXBuildFile; productRef = EDD253CC2E003764002DE1EB /* FirebasePerformance */; };
		EDD253CF2E003764002DE1EB /* FirebaseRemoteConfig in Frameworks */ = {isa = PBXBuildFile; productRef = EDD253CE2E003764002DE1EB /* FirebaseRemoteConfig */; };
		EDD253D12E003764002DE1EB /* FirebaseRemoteConfigSwift in Frameworks */ = {isa = PBXBuildFile; productRef = EDD253D02E003764002DE1EB /* FirebaseRemoteConfigSwift */; };
		EDD253D32E003764002DE1EB /* FirebaseStorage in Frameworks */ = {isa = PBXBuildFile; productRef = EDD253D22E003764002DE1EB /* FirebaseStorage */; };
		EDD253D52E003764002DE1EB /* FirebaseStorageCombine-Community in Frameworks */ = {isa = PBXBuildFile; productRef = EDD253D42E003764002DE1EB /* FirebaseStorageCombine-Community */; };
		EDD253D72E003764002DE1EB /* FirebaseVertexAI-Preview in Frameworks */ = {isa = PBXBuildFile; productRef = EDD253D62E003764002DE1EB /* FirebaseVertexAI-Preview */; };
/* End PBXBuildFile section */

/* Begin PBXContainerItemProxy section */
		EDA7BE052DFEE5DB00BAC628 /* PBXContainerItemProxy */ = {
			isa = PBXContainerItemProxy;
			containerPortal = EDA7BDEE2DFEE5D900BAC628 /* Project object */;
			proxyType = 1;
			remoteGlobalIDString = EDA7BDF52DFEE5D900BAC628;
			remoteInfo = musicgenmain;
		};
		EDA7BE0F2DFEE5DB00BAC628 /* PBXContainerItemProxy */ = {
			isa = PBXContainerItemProxy;
			containerPortal = EDA7BDEE2DFEE5D900BAC628 /* Project object */;
			proxyType = 1;
			remoteGlobalIDString = EDA7BDF52DFEE5D900BAC628;
			remoteInfo = musicgenmain;
		};
/* End PBXContainerItemProxy section */

/* Begin PBXFileReference section */
		EDA7BDF62DFEE5D900BAC628 /* musicgenmain.app */ = {isa = PBXFileReference; explicitFileType = wrapper.application; includeInIndex = 0; path = musicgenmain.app; sourceTree = BUILT_PRODUCTS_DIR; };
		EDA7BE042DFEE5DB00BAC628 /* musicgenmainTests.xctest */ = {isa = PBXFileReference; explicitFileType = wrapper.cfbundle; includeInIndex = 0; path = musicgenmainTests.xctest; sourceTree = BUILT_PRODUCTS_DIR; };
		EDA7BE0E2DFEE5DB00BAC628 /* musicgenmainUITests.xctest */ = {isa = PBXFileReference; explicitFileType = wrapper.cfbundle; includeInIndex = 0; path = musicgenmainUITests.xctest; sourceTree = BUILT_PRODUCTS_DIR; };
/* End PBXFileReference section */

/* Begin PBXFileSystemSynchronizedRootGroup section */
		EDA7BDF82DFEE5D900BAC628 /* musicgenmain */ = {
			isa = PBXFileSystemSynchronizedRootGroup;
			path = musicgenmain;
			sourceTree = "<group>";
		};
		EDA7BE072DFEE5DB00BAC628 /* musicgenmainTests */ = {
			isa = PBXFileSystemSynchronizedRootGroup;
			path = musicgenmainTests;
			sourceTree = "<group>";
		};
		EDA7BE112DFEE5DB00BAC628 /* musicgenmainUITests */ = {
			isa = PBXFileSystemSynchronizedRootGroup;
			path = musicgenmainUITests;
			sourceTree = "<group>";
		};
/* End PBXFileSystemSynchronizedRootGroup section */

/* Begin PBXFrameworksBuildPhase section */
		EDA7BDF32DFEE5D900BAC628 /* Frameworks */ = {
			isa = PBXFrameworksBuildPhase;
			buildActionMask = 2147483647;
			files = (
				EDD253B32E003764002DE1EB /* FirebaseDatabase in Frameworks */,
				EDD253C12E003764002DE1EB /* FirebaseFunctionsCombine-Community in Frameworks */,
				EDD253B92E003764002DE1EB /* FirebaseFirestore in Frameworks */,
				EDD253A52E003764002DE1EB /* FirebaseAnalyticsSwift in Frameworks */,
				EDD253A12E003764002DE1EB /* FirebaseAnalytics in Frameworks */,
				EDD253A32E003764002DE1EB /* FirebaseAnalyticsOnDeviceConversion in Frameworks */,
				EDD253C92E003764002DE1EB /* FirebaseMLModelDownloader in Frameworks */,
				EDD253BD2E003764002DE1EB /* FirebaseFirestoreSwift in Frameworks */,
				EDD253A92E003764002DE1EB /* FirebaseAppCheck in Frameworks */,
				EDD253A72E003764002DE1EB /* FirebaseAnalyticsWithoutAdIdSupport in Frameworks */,
				EDD253AD2E003764002DE1EB /* FirebaseAuth in Frameworks */,
				EDD253B12E003764002DE1EB /* FirebaseCrashlytics in Frameworks */,
				EDD253D12E003764002DE1EB /* FirebaseRemoteConfigSwift in Frameworks */,
				EDD253C32E003764002DE1EB /* FirebaseInAppMessaging-Beta in Frameworks */,
				EDD253B52E003764002DE1EB /* FirebaseDatabaseSwift in Frameworks */,
				EDD253BF2E003764002DE1EB /* FirebaseFunctions in Frameworks */,
				EDD253D52E003764002DE1EB /* FirebaseStorageCombine-Community in Frameworks */,
				EDD253CF2E003764002DE1EB /* FirebaseRemoteConfig in Frameworks */,
				EDD253AB2E003764002DE1EB /* FirebaseAppDistribution-Beta in Frameworks */,
				EDD253AF2E003764002DE1EB /* FirebaseAuthCombine-Community in Frameworks */,
				EDD253CD2E003764002DE1EB /* FirebasePerformance in Frameworks */,
				EDD253C52E003764002DE1EB /* FirebaseInAppMessagingSwift-Beta in Frameworks */,
				EDD253D32E003764002DE1EB /* FirebaseStorage in Frameworks */,
				EDD253B72E003764002DE1EB /* FirebaseDynamicLinks in Frameworks */,
				EDD253D72E003764002DE1EB /* FirebaseVertexAI-Preview in Frameworks */,
				EDD253BB2E003764002DE1EB /* FirebaseFirestoreCombine-Community in Frameworks */,
				EDD253CB2E003764002DE1EB /* FirebaseMessaging in Frameworks */,
				EDD253C72E003764002DE1EB /* FirebaseInstallations in Frameworks */,
			);
			runOnlyForDeploymentPostprocessing = 0;
		};
		EDA7BE012DFEE5DB00BAC628 /* Frameworks */ = {
			isa = PBXFrameworksBuildPhase;
			buildActionMask = 2147483647;
			files = (
			);
			runOnlyForDeploymentPostprocessing = 0;
		};
		EDA7BE0B2DFEE5DB00BAC628 /* Frameworks */ = {
			isa = PBXFrameworksBuildPhase;
			buildActionMask = 2147483647;
			files = (
			);
			runOnlyForDeploymentPostprocessing = 0;
		};
/* End PBXFrameworksBuildPhase section */

/* Begin PBXGroup section */
		B0432CDF55EDB4F30335EF68 /* Pods */ = {
			isa = PBXGroup;
			children = (
			);
			path = Pods;
			sourceTree = "<group>";
		};
		EDA7BDED2DFEE5D900BAC628 = {
			isa = PBXGroup;
			children = (
				EDA7BDF82DFEE5D900BAC628 /* musicgenmain */,
				EDA7BE072DFEE5DB00BAC628 /* musicgenmainTests */,
				EDA7BE112DFEE5DB00BAC628 /* musicgenmainUITests */,
				EDA7BDF72DFEE5D900BAC628 /* Products */,
				B0432CDF55EDB4F30335EF68 /* Pods */,
			);
			sourceTree = "<group>";
		};
		EDA7BDF72DFEE5D900BAC628 /* Products */ = {
			isa = PBXGroup;
			children = (
				EDA7BDF62DFEE5D900BAC628 /* musicgenmain.app */,
				EDA7BE042DFEE5DB00BAC628 /* musicgenmainTests.xctest */,
				EDA7BE0E2DFEE5DB00BAC628 /* musicgenmainUITests.xctest */,
			);
			name = Products;
			sourceTree = "<group>";
		};
/* End PBXGroup section */

/* Begin PBXNativeTarget section */
		EDA7BDF52DFEE5D900BAC628 /* musicgenmain */ = {
			isa = PBXNativeTarget;
			buildConfigurationList = EDA7BE182DFEE5DB00BAC628 /* Build configuration list for PBXNativeTarget "musicgenmain" */;
			buildPhases = (
				EDA7BDF22DFEE5D900BAC628 /* Sources */,
				EDA7BDF32DFEE5D900BAC628 /* Frameworks */,
				EDA7BDF42DFEE5D900BAC628 /* Resources */,
			);
			buildRules = (
			);
			dependencies = (
			);
			fileSystemSynchronizedGroups = (
				EDA7BDF82DFEE5D900BAC628 /* musicgenmain */,
			);
			name = musicgenmain;
			productName = musicgenmain;
			productReference = EDA7BDF62DFEE5D900BAC628 /* musicgenmain.app */;
			productType = "com.apple.product-type.application";
		};
		EDA7BE032DFEE5DB00BAC628 /* musicgenmainTests */ = {
			isa = PBXNativeTarget;
			buildConfigurationList = EDA7BE1B2DFEE5DB00BAC628 /* Build configuration list for PBXNativeTarget "musicgenmainTests" */;
			buildPhases = (
				EDA7BE002DFEE5DB00BAC628 /* Sources */,
				EDA7BE012DFEE5DB00BAC628 /* Frameworks */,
				EDA7BE022DFEE5DB00BAC628 /* Resources */,
			);
			buildRules = (
			);
			dependencies = (
				EDA7BE062DFEE5DB00BAC628 /* PBXTargetDependency */,
			);
			fileSystemSynchronizedGroups = (
				EDA7BE072DFEE5DB00BAC628 /* musicgenmainTests */,
			);
			name = musicgenmainTests;
			productName = musicgenmainTests;
			productReference = EDA7BE042DFEE5DB00BAC628 /* musicgenmainTests.xctest */;
			productType = "com.apple.product-type.bundle.unit-test";
		};
		EDA7BE0D2DFEE5DB00BAC628 /* musicgenmainUITests */ = {
			isa = PBXNativeTarget;
			buildConfigurationList = EDA7BE1E2DFEE5DB00BAC628 /* Build configuration list for PBXNativeTarget "musicgenmainUITests" */;
			buildPhases = (
				EDA7BE0A2DFEE5DB00BAC628 /* Sources */,
				EDA7BE0B2DFEE5DB00BAC628 /* Frameworks */,
				EDA7BE0C2DFEE5DB00BAC628 /* Resources */,
			);
			buildRules = (
			);
			dependencies = (
				EDA7BE102DFEE5DB00BAC628 /* PBXTargetDependency */,
			);
			fileSystemSynchronizedGroups = (
				EDA7BE112DFEE5DB00BAC628 /* musicgenmainUITests */,
			);
			name = musicgenmainUITests;
			productName = musicgenmainUITests;
			productReference = EDA7BE0E2DFEE5DB00BAC628 /* musicgenmainUITests.xctest */;
			productType = "com.apple.product-type.bundle.ui-testing";
		};
/* End PBXNativeTarget section */

/* Begin PBXProject section */
		EDA7BDEE2DFEE5D900BAC628 /* Project object */ = {
			isa = PBXProject;
			attributes = {
				BuildIndependentTargetsInParallel = 1;
				LastSwiftUpdateCheck = 1640;
				LastUpgradeCheck = 1640;
				TargetAttributes = {
					EDA7BDF52DFEE5D900BAC628 = {
						CreatedOnToolsVersion = 16.4;
					};
					EDA7BE032DFEE5DB00BAC628 = {
						CreatedOnToolsVersion = 16.4;
						TestTargetID = EDA7BDF52DFEE5D900BAC628;
					};
					EDA7BE0D2DFEE5DB00BAC628 = {
						CreatedOnToolsVersion = 16.4;
						TestTargetID = EDA7BDF52DFEE5D900BAC628;
					};
				};
			};
			buildConfigurationList = EDA7BDF12DFEE5D900BAC628 /* Build configuration list for PBXProject "musicgenmain" */;
			developmentRegion = en;
			hasScannedForEncodings = 0;
			knownRegions = (
				en,
				Base,
			);
			mainGroup = EDA7BDED2DFEE5D900BAC628;
			minimizedProjectReferenceProxies = 1;
			packageReferences = (
				ED23024A2E0035E2000618F5 /* XCRemoteSwiftPackageReference "firebase-ios-sdk" */,
			);
			preferredProjectObjectVersion = 77;
			productRefGroup = EDA7BDF72DFEE5D900BAC628 /* Products */;
			projectDirPath = "";
			projectRoot = "";
			targets = (
				EDA7BDF52DFEE5D900BAC628 /* musicgenmain */,
				EDA7BE032DFEE5DB00BAC628 /* musicgenmainTests */,
				EDA7BE0D2DFEE5DB00BAC628 /* musicgenmainUITests */,
			);
		};
/* End PBXProject section */

/* Begin PBXResourcesBuildPhase section */
		EDA7BDF42DFEE5D900BAC628 /* Resources */ = {
			isa = PBXResourcesBuildPhase;
			buildActionMask = 2147483647;
			files = (
			);
			runOnlyForDeploymentPostprocessing = 0;
		};
		EDA7BE022DFEE5DB00BAC628 /* Resources */ = {
			isa = PBXResourcesBuildPhase;
			buildActionMask = 2147483647;
			files = (
			);
			runOnlyForDeploymentPostprocessing = 0;
		};
		EDA7BE0C2DFEE5DB00BAC628 /* Resources */ = {
			isa = PBXResourcesBuildPhase;
			buildActionMask = 2147483647;
			files = (
			);
			runOnlyForDeploymentPostprocessing = 0;
		};
/* End PBXResourcesBuildPhase section */

/* Begin PBXSourcesBuildPhase section */
		EDA7BDF22DFEE5D900BAC628 /* Sources */ = {
			isa = PBXSourcesBuildPhase;
			buildActionMask = 2147483647;
			files = (
			);
			runOnlyForDeploymentPostprocessing = 0;
		};
		EDA7BE002DFEE5DB00BAC628 /* Sources */ = {
			isa = PBXSourcesBuildPhase;
			buildActionMask = 2147483647;
			files = (
			);
			runOnlyForDeploymentPostprocessing = 0;
		};
		EDA7BE0A2DFEE5DB00BAC628 /* Sources */ = {
			isa = PBXSourcesBuildPhase;
			buildActionMask = 2147483647;
			files = (
			);
			runOnlyForDeploymentPostprocessing = 0;
		};
/* End PBXSourcesBuildPhase section */

/* Begin PBXTargetDependency section */
		EDA7BE062DFEE5DB00BAC628 /* PBXTargetDependency */ = {
			isa = PBXTargetDependency;
			target = EDA7BDF52DFEE5D900BAC628 /* musicgenmain */;
			targetProxy = EDA7BE052DFEE5DB00BAC628 /* PBXContainerItemProxy */;
		};
		EDA7BE102DFEE5DB00BAC628 /* PBXTargetDependency */ = {
			isa = PBXTargetDependency;
			target = EDA7BDF52DFEE5D900BAC628 /* musicgenmain */;
			targetProxy = EDA7BE0F2DFEE5DB00BAC628 /* PBXContainerItemProxy */;
		};
/* End PBXTargetDependency section */

/* Begin XCBuildConfiguration section */
		EDA7BE162DFEE5DB00BAC628 /* Debug */ = {
			isa = XCBuildConfiguration;
			buildSettings = {
				ALWAYS_SEARCH_USER_PATHS = NO;
				ASSETCATALOG_COMPILER_GENERATE_SWIFT_ASSET_SYMBOL_EXTENSIONS = YES;
				CLANG_ANALYZER_NONNULL = YES;
				CLANG_ANALYZER_NUMBER_OBJECT_CONVERSION = YES_AGGRESSIVE;
				CLANG_CXX_LANGUAGE_STANDARD = "gnu++20";
				CLANG_ENABLE_MODULES = YES;
				CLANG_ENABLE_OBJC_ARC = YES;
				CLANG_ENABLE_OBJC_WEAK = YES;
				CLANG_WARN_BLOCK_CAPTURE_AUTORELEASING = YES;
				CLANG_WARN_BOOL_CONVERSION = YES;
				CLANG_WARN_COMMA = YES;
				CLANG_WARN_CONSTANT_CONVERSION = YES;
				CLANG_WARN_DEPRECATED_OBJC_IMPLEMENTATIONS = YES;
				CLANG_WARN_DIRECT_OBJC_ISA_USAGE = YES_ERROR;
				CLANG_WARN_DOCUMENTATION_COMMENTS = YES;
				CLANG_WARN_EMPTY_BODY = YES;
				CLANG_WARN_ENUM_CONVERSION = YES;
				CLANG_WARN_INFINITE_RECURSION = YES;
				CLANG_WARN_INT_CONVERSION = YES;
				CLANG_WARN_NON_LITERAL_NULL_CONVERSION = YES;
				CLANG_WARN_OBJC_IMPLICIT_RETAIN_SELF = YES;
				CLANG_WARN_OBJC_LITERAL_CONVERSION = YES;
				CLANG_WARN_OBJC_ROOT_CLASS = YES_ERROR;
				CLANG_WARN_QUOTED_INCLUDE_IN_FRAMEWORK_HEADER = YES;
				CLANG_WARN_RANGE_LOOP_ANALYSIS = YES;
				CLANG_WARN_STRICT_PROTOTYPES = YES;
				CLANG_WARN_SUSPICIOUS_MOVE = YES;
				CLANG_WARN_UNGUARDED_AVAILABILITY = YES_AGGRESSIVE;
				CLANG_WARN_UNREACHABLE_CODE = YES;
				CLANG_WARN__DUPLICATE_METHOD_MATCH = YES;
				COPY_PHASE_STRIP = NO;
				DEBUG_INFORMATION_FORMAT = dwarf;
				ENABLE_STRICT_OBJC_MSGSEND = YES;
				ENABLE_TESTABILITY = YES;
				ENABLE_USER_SCRIPT_SANDBOXING = YES;
				GCC_C_LANGUAGE_STANDARD = gnu17;
				GCC_DYNAMIC_NO_PIC = NO;
				GCC_NO_COMMON_BLOCKS = YES;
				GCC_OPTIMIZATION_LEVEL = 0;
				GCC_PREPROCESSOR_DEFINITIONS = (
					"DEBUG=1",
					"$(inherited)",
				);
				GCC_WARN_64_TO_32_BIT_CONVERSION = YES;
				GCC_WARN_ABOUT_RETURN_TYPE = YES_ERROR;
				GCC_WARN_UNDECLARED_SELECTOR = YES;
				GCC_WARN_UNINITIALIZED_AUTOS = YES_AGGRESSIVE;
				GCC_WARN_UNUSED_FUNCTION = YES;
				GCC_WARN_UNUSED_VARIABLE = YES;
				LOCALIZATION_PREFERS_STRING_CATALOGS = YES;
				MTL_ENABLE_DEBUG_INFO = INCLUDE_SOURCE;
				MTL_FAST_MATH = YES;
				ONLY_ACTIVE_ARCH = YES;
				SWIFT_ACTIVE_COMPILATION_CONDITIONS = "DEBUG $(inherited)";
				SWIFT_OPTIMIZATION_LEVEL = "-Onone";
			};
			name = Debug;
		};
		EDA7BE172DFEE5DB00BAC628 /* Release */ = {
			isa = XCBuildConfiguration;
			buildSettings = {
				ALWAYS_SEARCH_USER_PATHS = NO;
				ASSETCATALOG_COMPILER_GENERATE_SWIFT_ASSET_SYMBOL_EXTENSIONS = YES;
				CLANG_ANALYZER_NONNULL = YES;
				CLANG_ANALYZER_NUMBER_OBJECT_CONVERSION = YES_AGGRESSIVE;
				CLANG_CXX_LANGUAGE_STANDARD = "gnu++20";
				CLANG_ENABLE_MODULES = YES;
				CLANG_ENABLE_OBJC_ARC = YES;
				CLANG_ENABLE_OBJC_WEAK = YES;
				CLANG_WARN_BLOCK_CAPTURE_AUTORELEASING = YES;
				CLANG_WARN_BOOL_CONVERSION = YES;
				CLANG_WARN_COMMA = YES;
				CLANG_WARN_CONSTANT_CONVERSION = YES;
				CLANG_WARN_DEPRECATED_OBJC_IMPLEMENTATIONS = YES;
				CLANG_WARN_DIRECT_OBJC_ISA_USAGE = YES_ERROR;
				CLANG_WARN_DOCUMENTATION_COMMENTS = YES;
				CLANG_WARN_EMPTY_BODY = YES;
				CLANG_WARN_ENUM_CONVERSION = YES;
				CLANG_WARN_INFINITE_RECURSION = YES;
				CLANG_WARN_INT_CONVERSION = YES;
				CLANG_WARN_NON_LITERAL_NULL_CONVERSION = YES;
				CLANG_WARN_OBJC_IMPLICIT_RETAIN_SELF = YES;
				CLANG_WARN_OBJC_LITERAL_CONVERSION = YES;
				CLANG_WARN_OBJC_ROOT_CLASS = YES_ERROR;
				CLANG_WARN_QUOTED_INCLUDE_IN_FRAMEWORK_HEADER = YES;
				CLANG_WARN_RANGE_LOOP_ANALYSIS = YES;
				CLANG_WARN_STRICT_PROTOTYPES = YES;
				CLANG_WARN_SUSPICIOUS_MOVE = YES;
				CLANG_WARN_UNGUARDED_AVAILABILITY = YES_AGGRESSIVE;
				CLANG_WARN_UNREACHABLE_CODE = YES;
				CLANG_WARN__DUPLICATE_METHOD_MATCH = YES;
				COPY_PHASE_STRIP = NO;
				DEBUG_INFORMATION_FORMAT = "dwarf-with-dsym";
				ENABLE_NS_ASSERTIONS = NO;
				ENABLE_STRICT_OBJC_MSGSEND = YES;
				ENABLE_USER_SCRIPT_SANDBOXING = YES;
				GCC_C_LANGUAGE_STANDARD = gnu17;
				GCC_NO_COMMON_BLOCKS = YES;
				GCC_WARN_64_TO_32_BIT_CONVERSION = YES;
				GCC_WARN_ABOUT_RETURN_TYPE = YES_ERROR;
				GCC_WARN_UNDECLARED_SELECTOR = YES;
				GCC_WARN_UNINITIALIZED_AUTOS = YES_AGGRESSIVE;
				GCC_WARN_UNUSED_FUNCTION = YES;
				GCC_WARN_UNUSED_VARIABLE = YES;
				LOCALIZATION_PREFERS_STRING_CATALOGS = YES;
				MTL_ENABLE_DEBUG_INFO = NO;
				MTL_FAST_MATH = YES;
				SWIFT_COMPILATION_MODE = wholemodule;
			};
			name = Release;
		};
		EDA7BE192DFEE5DB00BAC628 /* Debug */ = {
			isa = XCBuildConfiguration;
			buildSettings = {
				ASSETCATALOG_COMPILER_APPICON_NAME = AppIcon;
				ASSETCATALOG_COMPILER_GLOBAL_ACCENT_COLOR_NAME = AccentColor;
				CODE_SIGN_ENTITLEMENTS = musicgenmain/musicgenmain.entitlements;
				CODE_SIGN_STYLE = Automatic;
				CURRENT_PROJECT_VERSION = 1;
				DEVELOPMENT_TEAM = CHSAVJ5X6U;
				ENABLE_PREVIEWS = YES;
				GENERATE_INFOPLIST_FILE = YES;
				INFOPLIST_KEY_CFBundleDisplayName = "MusicGen AI";
				INFOPLIST_KEY_LSApplicationCategoryType = "public.app-category.music";
				INFOPLIST_KEY_NSAppleMusicUsageDescription = "This app needs music library access to save your generated tracks and access your music.";
				INFOPLIST_KEY_NSCameraUsageDescription = "This app may use camera for profile pictures and content creation.";
				INFOPLIST_KEY_NSMicrophoneUsageDescription = "This app needs microphone access to record audio for music generation and voice features.";
				INFOPLIST_KEY_NSPhotoLibraryUsageDescription = "This app may access photos for profile pictures and sharing your music creations.";
				"INFOPLIST_KEY_UIApplicationSceneManifest_Generation[sdk=iphoneos*]" = YES;
				"INFOPLIST_KEY_UIApplicationSceneManifest_Generation[sdk=iphonesimulator*]" = YES;
				"INFOPLIST_KEY_UIApplicationSupportsIndirectInputEvents[sdk=iphoneos*]" = YES;
				"INFOPLIST_KEY_UIApplicationSupportsIndirectInputEvents[sdk=iphonesimulator*]" = YES;
				INFOPLIST_KEY_UIBackgroundModes = audio;
				"INFOPLIST_KEY_UILaunchScreen_Generation[sdk=iphoneos*]" = YES;
				"INFOPLIST_KEY_UILaunchScreen_Generation[sdk=iphonesimulator*]" = YES;
				"INFOPLIST_KEY_UIStatusBarStyle[sdk=iphoneos*]" = UIStatusBarStyleDefault;
				"INFOPLIST_KEY_UIStatusBarStyle[sdk=iphonesimulator*]" = UIStatusBarStyleDefault;
				INFOPLIST_KEY_UISupportedInterfaceOrientations_iPad = "UIInterfaceOrientationPortrait UIInterfaceOrientationPortraitUpsideDown UIInterfaceOrientationLandscapeLeft UIInterfaceOrientationLandscapeRight";
				INFOPLIST_KEY_UISupportedInterfaceOrientations_iPhone = "UIInterfaceOrientationPortrait UIInterfaceOrientationLandscapeLeft UIInterfaceOrientationLandscapeRight";
				IPHONEOS_DEPLOYMENT_TARGET = 16.6;
				LD_RUNPATH_SEARCH_PATHS = "\"$(inherited) @executable_path/Frameworks\"";
				"LD_RUNPATH_SEARCH_PATHS[sdk=macosx*]" = "@executable_path/../Frameworks";
				MACOSX_DEPLOYMENT_TARGET = 15.5;
				MARKETING_VERSION = 1.0;
				PRODUCT_BUNDLE_IDENTIFIER = com.beyond.musicgenai;
				PRODUCT_NAME = "$(TARGET_NAME)";
				REGISTER_APP_GROUPS = YES;
				SDKROOT = auto;
				SUPPORTED_PLATFORMS = "iphoneos iphonesimulator macosx xros xrsimulator";
				SWIFT_EMIT_LOC_STRINGS = YES;
				SWIFT_VERSION = 5.0;
				TARGETED_DEVICE_FAMILY = "1,2,7";
				XROS_DEPLOYMENT_TARGET = 2.5;
			};
			name = Debug;
		};
		EDA7BE1A2DFEE5DB00BAC628 /* Release */ = {
			isa = XCBuildConfiguration;
			buildSettings = {
				ASSETCATALOG_COMPILER_APPICON_NAME = AppIcon;
				ASSETCATALOG_COMPILER_GLOBAL_ACCENT_COLOR_NAME = AccentColor;
				CODE_SIGN_ENTITLEMENTS = musicgenmain/musicgenmain.entitlements;
				CODE_SIGN_STYLE = Automatic;
				CURRENT_PROJECT_VERSION = 1;
				DEVELOPMENT_TEAM = CHSAVJ5X6U;
				ENABLE_PREVIEWS = YES;
				GENERATE_INFOPLIST_FILE = YES;
				INFOPLIST_KEY_CFBundleDisplayName = "MusicGen AI";
				INFOPLIST_KEY_LSApplicationCategoryType = "public.app-category.music";
				INFOPLIST_KEY_NSAppleMusicUsageDescription = "This app needs music library access to save your generated tracks and access your music.";
				INFOPLIST_KEY_NSCameraUsageDescription = "This app may use camera for profile pictures and content creation.";
				INFOPLIST_KEY_NSMicrophoneUsageDescription = "This app needs microphone access to record audio for music generation and voice features.";
				INFOPLIST_KEY_NSPhotoLibraryUsageDescription = "This app may access photos for profile pictures and sharing your music creations.";
				"INFOPLIST_KEY_UIApplicationSceneManifest_Generation[sdk=iphoneos*]" = YES;
				"INFOPLIST_KEY_UIApplicationSceneManifest_Generation[sdk=iphonesimulator*]" = YES;
				"INFOPLIST_KEY_UIApplicationSupportsIndirectInputEvents[sdk=iphoneos*]" = YES;
				"INFOPLIST_KEY_UIApplicationSupportsIndirectInputEvents[sdk=iphonesimulator*]" = YES;
				INFOPLIST_KEY_UIBackgroundModes = audio;
				"INFOPLIST_KEY_UILaunchScreen_Generation[sdk=iphoneos*]" = YES;
				"INFOPLIST_KEY_UILaunchScreen_Generation[sdk=iphonesimulator*]" = YES;
				"INFOPLIST_KEY_UIStatusBarStyle[sdk=iphoneos*]" = UIStatusBarStyleDefault;
				"INFOPLIST_KEY_UIStatusBarStyle[sdk=iphonesimulator*]" = UIStatusBarStyleDefault;
				INFOPLIST_KEY_UISupportedInterfaceOrientations_iPad = "UIInterfaceOrientationPortrait UIInterfaceOrientationPortraitUpsideDown UIInterfaceOrientationLandscapeLeft UIInterfaceOrientationLandscapeRight";
				INFOPLIST_KEY_UISupportedInterfaceOrientations_iPhone = "UIInterfaceOrientationPortrait UIInterfaceOrientationLandscapeLeft UIInterfaceOrientationLandscapeRight";
				IPHONEOS_DEPLOYMENT_TARGET = 16.6;
				LD_RUNPATH_SEARCH_PATHS = "@executable_path/Frameworks";
				"LD_RUNPATH_SEARCH_PATHS[sdk=macosx*]" = "@executable_path/../Frameworks";
				MACOSX_DEPLOYMENT_TARGET = 15.5;
				MARKETING_VERSION = 1.0;
				PRODUCT_BUNDLE_IDENTIFIER = com.beyond.musicgenai;
				PRODUCT_NAME = "$(TARGET_NAME)";
				REGISTER_APP_GROUPS = YES;
				SDKROOT = auto;
				SUPPORTED_PLATFORMS = "iphoneos iphonesimulator macosx xros xrsimulator";
				SWIFT_EMIT_LOC_STRINGS = YES;
				SWIFT_VERSION = 5.0;
				TARGETED_DEVICE_FAMILY = "1,2,7";
				XROS_DEPLOYMENT_TARGET = 2.5;
			};
			name = Release;
		};
		EDA7BE1C2DFEE5DB00BAC628 /* Debug */ = {
			isa = XCBuildConfiguration;
			buildSettings = {
				BUNDLE_LOADER = "$(TEST_HOST)";
				CODE_SIGN_STYLE = Automatic;
				CURRENT_PROJECT_VERSION = 1;
				GENERATE_INFOPLIST_FILE = YES;
				INFOPLIST_KEY_CFBundleDisplayName = "MusicGen AI";
				INFOPLIST_KEY_NSAppleMusicUsageDescription = "This app needs music library access to save your generated tracks and access your music.";
				INFOPLIST_KEY_NSCameraUsageDescription = "This app may use camera for profile pictures and content creation.";
				INFOPLIST_KEY_NSMicrophoneUsageDescription = "This app needs microphone access to record audio for music generation and voice features.";
				INFOPLIST_KEY_NSPhotoLibraryUsageDescription = "This app may access photos for profile pictures and sharing your music creations.";
				INFOPLIST_KEY_UIBackgroundModes = audio;
				IPHONEOS_DEPLOYMENT_TARGET = 18.5;
				MACOSX_DEPLOYMENT_TARGET = 15.5;
				MARKETING_VERSION = 1.0;
				PRODUCT_BUNDLE_IDENTIFIER = beyond.musicgenmainTests;
				PRODUCT_NAME = "$(TARGET_NAME)";
				SDKROOT = auto;
				SUPPORTED_PLATFORMS = "iphoneos iphonesimulator macosx xros xrsimulator";
				SWIFT_EMIT_LOC_STRINGS = NO;
				SWIFT_VERSION = 5.0;
				TARGETED_DEVICE_FAMILY = "1,2,7";
				TEST_HOST = "$(BUILT_PRODUCTS_DIR)/musicgenmain.app/$(BUNDLE_EXECUTABLE_FOLDER_PATH)/musicgenmain";
				XROS_DEPLOYMENT_TARGET = 2.5;
			};
			name = Debug;
		};
		EDA7BE1D2DFEE5DB00BAC628 /* Release */ = {
			isa = XCBuildConfiguration;
			buildSettings = {
				BUNDLE_LOADER = "$(TEST_HOST)";
				CODE_SIGN_STYLE = Automatic;
				CURRENT_PROJECT_VERSION = 1;
				GENERATE_INFOPLIST_FILE = YES;
				INFOPLIST_KEY_CFBundleDisplayName = "MusicGen AI";
				INFOPLIST_KEY_NSAppleMusicUsageDescription = "This app needs music library access to save your generated tracks and access your music.";
				INFOPLIST_KEY_NSCameraUsageDescription = "This app may use camera for profile pictures and content creation.";
				INFOPLIST_KEY_NSMicrophoneUsageDescription = "This app needs microphone access to record audio for music generation and voice features.";
				INFOPLIST_KEY_NSPhotoLibraryUsageDescription = "This app may access photos for profile pictures and sharing your music creations.";
				INFOPLIST_KEY_UIBackgroundModes = audio;
				IPHONEOS_DEPLOYMENT_TARGET = 18.5;
				MACOSX_DEPLOYMENT_TARGET = 15.5;
				MARKETING_VERSION = 1.0;
				PRODUCT_BUNDLE_IDENTIFIER = beyond.musicgenmainTests;
				PRODUCT_NAME = "$(TARGET_NAME)";
				SDKROOT = auto;
				SUPPORTED_PLATFORMS = "iphoneos iphonesimulator macosx xros xrsimulator";
				SWIFT_EMIT_LOC_STRINGS = NO;
				SWIFT_VERSION = 5.0;
				TARGETED_DEVICE_FAMILY = "1,2,7";
				TEST_HOST = "$(BUILT_PRODUCTS_DIR)/musicgenmain.app/$(BUNDLE_EXECUTABLE_FOLDER_PATH)/musicgenmain";
				XROS_DEPLOYMENT_TARGET = 2.5;
			};
			name = Release;
		};
		EDA7BE1F2DFEE5DB00BAC628 /* Debug */ = {
			isa = XCBuildConfiguration;
			buildSettings = {
				CODE_SIGN_STYLE = Automatic;
				CURRENT_PROJECT_VERSION = 1;
				GENERATE_INFOPLIST_FILE = YES;
				INFOPLIST_KEY_CFBundleDisplayName = "MusicGen AI";
				INFOPLIST_KEY_NSAppleMusicUsageDescription = "This app needs music library access to save your generated tracks and access your music.";
				INFOPLIST_KEY_NSCameraUsageDescription = "This app may use camera for profile pictures and content creation.";
				INFOPLIST_KEY_NSMicrophoneUsageDescription = "This app needs microphone access to record audio for music generation and voice features.";
				INFOPLIST_KEY_NSPhotoLibraryUsageDescription = "This app may access photos for profile pictures and sharing your music creations.";
				INFOPLIST_KEY_UIBackgroundModes = audio;
				IPHONEOS_DEPLOYMENT_TARGET = 18.5;
				MACOSX_DEPLOYMENT_TARGET = 15.5;
				MARKETING_VERSION = 1.0;
				PRODUCT_BUNDLE_IDENTIFIER = beyond.musicgenmainUITests;
				PRODUCT_NAME = "$(TARGET_NAME)";
				SDKROOT = auto;
				SUPPORTED_PLATFORMS = "iphoneos iphonesimulator macosx xros xrsimulator";
				SWIFT_EMIT_LOC_STRINGS = NO;
				SWIFT_VERSION = 5.0;
				TARGETED_DEVICE_FAMILY = "1,2,7";
				TEST_TARGET_NAME = musicgenmain;
				XROS_DEPLOYMENT_TARGET = 2.5;
			};
			name = Debug;
		};
		EDA7BE202DFEE5DB00BAC628 /* Release */ = {
			isa = XCBuildConfiguration;
			buildSettings = {
				CODE_SIGN_STYLE = Automatic;
				CURRENT_PROJECT_VERSION = 1;
				GENERATE_INFOPLIST_FILE = YES;
				INFOPLIST_KEY_CFBundleDisplayName = "MusicGen AI";
				INFOPLIST_KEY_NSAppleMusicUsageDescription = "This app needs music library access to save your generated tracks and access your music.";
				INFOPLIST_KEY_NSCameraUsageDescription = "This app may use camera for profile pictures and content creation.";
				INFOPLIST_KEY_NSMicrophoneUsageDescription = "This app needs microphone access to record audio for music generation and voice features.";
				INFOPLIST_KEY_NSPhotoLibraryUsageDescription = "This app may access photos for profile pictures and sharing your music creations.";
				INFOPLIST_KEY_UIBackgroundModes = audio;
				IPHONEOS_DEPLOYMENT_TARGET = 18.5;
				MACOSX_DEPLOYMENT_TARGET = 15.5;
				MARKETING_VERSION = 1.0;
				PRODUCT_BUNDLE_IDENTIFIER = beyond.musicgenmainUITests;
				PRODUCT_NAME = "$(TARGET_NAME)";
				SDKROOT = auto;
				SUPPORTED_PLATFORMS = "iphoneos iphonesimulator macosx xros xrsimulator";
				SWIFT_EMIT_LOC_STRINGS = NO;
				SWIFT_VERSION = 5.0;
				TARGETED_DEVICE_FAMILY = "1,2,7";
				TEST_TARGET_NAME = musicgenmain;
				XROS_DEPLOYMENT_TARGET = 2.5;
			};
			name = Release;
		};
/* End XCBuildConfiguration section */

/* Begin XCConfigurationList section */
		EDA7BDF12DFEE5D900BAC628 /* Build configuration list for PBXProject "musicgenmain" */ = {
			isa = XCConfigurationList;
			buildConfigurations = (
				EDA7BE162DFEE5DB00BAC628 /* Debug */,
				EDA7BE172DFEE5DB00BAC628 /* Release */,
			);
			defaultConfigurationIsVisible = 0;
			defaultConfigurationName = Release;
		};
		EDA7BE182DFEE5DB00BAC628 /* Build configuration list for PBXNativeTarget "musicgenmain" */ = {
			isa = XCConfigurationList;
			buildConfigurations = (
				EDA7BE192DFEE5DB00BAC628 /* Debug */,
				EDA7BE1A2DFEE5DB00BAC628 /* Release */,
			);
			defaultConfigurationIsVisible = 0;
			defaultConfigurationName = Release;
		};
		EDA7BE1B2DFEE5DB00BAC628 /* Build configuration list for PBXNativeTarget "musicgenmainTests" */ = {
			isa = XCConfigurationList;
			buildConfigurations = (
				EDA7BE1C2DFEE5DB00BAC628 /* Debug */,
				EDA7BE1D2DFEE5DB00BAC628 /* Release */,
			);
			defaultConfigurationIsVisible = 0;
			defaultConfigurationName = Release;
		};
		EDA7BE1E2DFEE5DB00BAC628 /* Build configuration list for PBXNativeTarget "musicgenmainUITests" */ = {
			isa = XCConfigurationList;
			buildConfigurations = (
				EDA7BE1F2DFEE5DB00BAC628 /* Debug */,
				EDA7BE202DFEE5DB00BAC628 /* Release */,
			);
			defaultConfigurationIsVisible = 0;
			defaultConfigurationName = Release;
		};
/* End XCConfigurationList section */

/* Begin XCRemoteSwiftPackageReference section */
		ED23024A2E0035E2000618F5 /* XCRemoteSwiftPackageReference "firebase-ios-sdk" */ = {
			isa = XCRemoteSwiftPackageReference;
			repositoryURL = "https://github.com/firebase/firebase-ios-sdk";
			requirement = {
				kind = upToNextMajorVersion;
				minimumVersion = 10.0.0;
			};
		};
/* End XCRemoteSwiftPackageReference section */

/* Begin XCSwiftPackageProductDependency section */
		EDD253A02E003764002DE1EB /* FirebaseAnalytics */ = {
			isa = XCSwiftPackageProductDependency;
			package = ED23024A2E0035E2000618F5 /* XCRemoteSwiftPackageReference "firebase-ios-sdk" */;
			productName = FirebaseAnalytics;
		};
		EDD253A22E003764002DE1EB /* FirebaseAnalyticsOnDeviceConversion */ = {
			isa = XCSwiftPackageProductDependency;
			package = ED23024A2E0035E2000618F5 /* XCRemoteSwiftPackageReference "firebase-ios-sdk" */;
			productName = FirebaseAnalyticsOnDeviceConversion;
		};
		EDD253A42E003764002DE1EB /* FirebaseAnalyticsSwift */ = {
			isa = XCSwiftPackageProductDependency;
			package = ED23024A2E0035E2000618F5 /* XCRemoteSwiftPackageReference "firebase-ios-sdk" */;
			productName = FirebaseAnalyticsSwift;
		};
		EDD253A62E003764002DE1EB /* FirebaseAnalyticsWithoutAdIdSupport */ = {
			isa = XCSwiftPackageProductDependency;
			package = ED23024A2E0035E2000618F5 /* XCRemoteSwiftPackageReference "firebase-ios-sdk" */;
			productName = FirebaseAnalyticsWithoutAdIdSupport;
		};
		EDD253A82E003764002DE1EB /* FirebaseAppCheck */ = {
			isa = XCSwiftPackageProductDependency;
			package = ED23024A2E0035E2000618F5 /* XCRemoteSwiftPackageReference "firebase-ios-sdk" */;
			productName = FirebaseAppCheck;
		};
		EDD253AA2E003764002DE1EB /* FirebaseAppDistribution-Beta */ = {
			isa = XCSwiftPackageProductDependency;
			package = ED23024A2E0035E2000618F5 /* XCRemoteSwiftPackageReference "firebase-ios-sdk" */;
			productName = "FirebaseAppDistribution-Beta";
		};
		EDD253AC2E003764002DE1EB /* FirebaseAuth */ = {
			isa = XCSwiftPackageProductDependency;
			package = ED23024A2E0035E2000618F5 /* XCRemoteSwiftPackageReference "firebase-ios-sdk" */;
			productName = FirebaseAuth;
		};
		EDD253AE2E003764002DE1EB /* FirebaseAuthCombine-Community */ = {
			isa = XCSwiftPackageProductDependency;
			package = ED23024A2E0035E2000618F5 /* XCRemoteSwiftPackageReference "firebase-ios-sdk" */;
			productName = "FirebaseAuthCombine-Community";
		};
		EDD253B02E003764002DE1EB /* FirebaseCrashlytics */ = {
			isa = XCSwiftPackageProductDependency;
			package = ED23024A2E0035E2000618F5 /* XCRemoteSwiftPackageReference "firebase-ios-sdk" */;
			productName = FirebaseCrashlytics;
		};
		EDD253B22E003764002DE1EB /* FirebaseDatabase */ = {
			isa = XCSwiftPackageProductDependency;
			package = ED23024A2E0035E2000618F5 /* XCRemoteSwiftPackageReference "firebase-ios-sdk" */;
			productName = FirebaseDatabase;
		};
		EDD253B42E003764002DE1EB /* FirebaseDatabaseSwift */ = {
			isa = XCSwiftPackageProductDependency;
			package = ED23024A2E0035E2000618F5 /* XCRemoteSwiftPackageReference "firebase-ios-sdk" */;
			productName = FirebaseDatabaseSwift;
		};
		EDD253B62E003764002DE1EB /* FirebaseDynamicLinks */ = {
			isa = XCSwiftPackageProductDependency;
			package = ED23024A2E0035E2000618F5 /* XCRemoteSwiftPackageReference "firebase-ios-sdk" */;
			productName = FirebaseDynamicLinks;
		};
		EDD253B82E003764002DE1EB /* FirebaseFirestore */ = {
			isa = XCSwiftPackageProductDependency;
			package = ED23024A2E0035E2000618F5 /* XCRemoteSwiftPackageReference "firebase-ios-sdk" */;
			productName = FirebaseFirestore;
		};
		EDD253BA2E003764002DE1EB /* FirebaseFirestoreCombine-Community */ = {
			isa = XCSwiftPackageProductDependency;
			package = ED23024A2E0035E2000618F5 /* XCRemoteSwiftPackageReference "firebase-ios-sdk" */;
			productName = "FirebaseFirestoreCombine-Community";
		};
		EDD253BC2E003764002DE1EB /* FirebaseFirestoreSwift */ = {
			isa = XCSwiftPackageProductDependency;
			package = ED23024A2E0035E2000618F5 /* XCRemoteSwiftPackageReference "firebase-ios-sdk" */;
			productName = FirebaseFirestoreSwift;
		};
		EDD253BE2E003764002DE1EB /* FirebaseFunctions */ = {
			isa = XCSwiftPackageProductDependency;
			package = ED23024A2E0035E2000618F5 /* XCRemoteSwiftPackageReference "firebase-ios-sdk" */;
			productName = FirebaseFunctions;
		};
		EDD253C02E003764002DE1EB /* FirebaseFunctionsCombine-Community */ = {
			isa = XCSwiftPackageProductDependency;
			package = ED23024A2E0035E2000618F5 /* XCRemoteSwiftPackageReference "firebase-ios-sdk" */;
			productName = "FirebaseFunctionsCombine-Community";
		};
		EDD253C22E003764002DE1EB /* FirebaseInAppMessaging-Beta */ = {
			isa = XCSwiftPackageProductDependency;
			package = ED23024A2E0035E2000618F5 /* XCRemoteSwiftPackageReference "firebase-ios-sdk" */;
			productName = "FirebaseInAppMessaging-Beta";
		};
		EDD253C42E003764002DE1EB /* FirebaseInAppMessagingSwift-Beta */ = {
			isa = XCSwiftPackageProductDependency;
			package = ED23024A2E0035E2000618F5 /* XCRemoteSwiftPackageReference "firebase-ios-sdk" */;
			productName = "FirebaseInAppMessagingSwift-Beta";
		};
		EDD253C62E003764002DE1EB /* FirebaseInstallations */ = {
			isa = XCSwiftPackageProductDependency;
			package = ED23024A2E0035E2000618F5 /* XCRemoteSwiftPackageReference "firebase-ios-sdk" */;
			productName = FirebaseInstallations;
		};
		EDD253C82E003764002DE1EB /* FirebaseMLModelDownloader */ = {
			isa = XCSwiftPackageProductDependency;
			package = ED23024A2E0035E2000618F5 /* XCRemoteSwiftPackageReference "firebase-ios-sdk" */;
			productName = FirebaseMLModelDownloader;
		};
		EDD253CA2E003764002DE1EB /* FirebaseMessaging */ = {
			isa = XCSwiftPackageProductDependency;
			package = ED23024A2E0035E2000618F5 /* XCRemoteSwiftPackageReference "firebase-ios-sdk" */;
			productName = FirebaseMessaging;
		};
		EDD253CC2E003764002DE1EB /* FirebasePerformance */ = {
			isa = XCSwiftPackageProductDependency;
			package = ED23024A2E0035E2000618F5 /* XCRemoteSwiftPackageReference "firebase-ios-sdk" */;
			productName = FirebasePerformance;
		};
		EDD253CE2E003764002DE1EB /* FirebaseRemoteConfig */ = {
			isa = XCSwiftPackageProductDependency;
			package = ED23024A2E0035E2000618F5 /* XCRemoteSwiftPackageReference "firebase-ios-sdk" */;
			productName = FirebaseRemoteConfig;
		};
		EDD253D02E003764002DE1EB /* FirebaseRemoteConfigSwift */ = {
			isa = XCSwiftPackageProductDependency;
			package = ED23024A2E0035E2000618F5 /* XCRemoteSwiftPackageReference "firebase-ios-sdk" */;
			productName = FirebaseRemoteConfigSwift;
		};
		EDD253D22E003764002DE1EB /* FirebaseStorage */ = {
			isa = XCSwiftPackageProductDependency;
			package = ED23024A2E0035E2000618F5 /* XCRemoteSwiftPackageReference "firebase-ios-sdk" */;
			productName = FirebaseStorage;
		};
		EDD253D42E003764002DE1EB /* FirebaseStorageCombine-Community */ = {
			isa = XCSwiftPackageProductDependency;
			package = ED23024A2E0035E2000618F5 /* XCRemoteSwiftPackageReference "firebase-ios-sdk" */;
			productName = "FirebaseStorageCombine-Community";
		};
		EDD253D62E003764002DE1EB /* FirebaseVertexAI-Preview */ = {
			isa = XCSwiftPackageProductDependency;
			package = ED23024A2E0035E2000618F5 /* XCRemoteSwiftPackageReference "firebase-ios-sdk" */;
			productName = "FirebaseVertexAI-Preview";
		};
/* End XCSwiftPackageProductDependency section */
	};
	rootObject = EDA7BDEE2DFEE5D900BAC628 /* Project object */;
}
